{
  "nodes": {
    "easy-purescript-nix": {
      "flake": false,
      "locked": {
        "lastModified": 1671011575,
        "narHash": "sha256-tESal32bcqqdZO+aKnBzc1GoL2mtnaDtj2y7ociCRGA=",
        "owner": "justinwoo",
        "repo": "easy-purescript-nix",
        "rev": "11d3bd58ce6e32703bf69cec04dc7c38eabe14ba",
        "type": "github"
      },
      "original": {
        "owner": "justinwoo",
        "repo": "easy-purescript-nix",
        "type": "github"
      }
    },
    "flake-utils": {
      "locked": {
        "lastModified": 1653893745,
        "narHash": "sha256-0jntwV3Z8//YwuOjzhV2sgJJPt+HY6KhU7VZUL0fKZQ=",
        "owner": "numtide",
        "repo": "flake-utils",
        "rev": "1ed9fb1935d260de5fe1c2f7ee0ebaae17ed2fa1",
        "type": "github"
      },
      "original": {
        "owner": "numtide",
        "repo": "flake-utils",
        "type": "github"
      }
    },
    "nixpkgs": {
      "locked": {
        "lastModified": 1674242456,
        "narHash": "sha256-yBy7rCH7EiBe9+CHZm9YB5ii5GRa+MOxeW0oDEBO8SE=",
        "path": "/nix/store/sq50ymf5cvfyjqixhmkmwgcrw9iajkvx-source",
        "rev": "cdead16a444a3e5de7bc9b0af8e198b11bb01804",
        "type": "path"
      },
      "original": {
        "id": "nixpkgs",
        "type": "indirect"
      }
    },
    "nixpkgs_2": {
      "locked": {
        "lastModified": 1658371388,
        "narHash": "sha256-ACjtJNUAqjAdR+o5EDcOGgK3aseB+IF1TSBNPVftdLg=",
        "owner": "NixOS",
        "repo": "nixpkgs",
        "rev": "af7d2aaa0d7fae44cdef463538833d536e3def1f",
        "type": "github"
      },
      "original": {
        "owner": "NixOS",
        "ref": "nixpkgs-unstable",
        "repo": "nixpkgs",
        "type": "github"
      }
    },
    "purenix": {
      "inputs": {
        "flake-utils": "flake-utils",
        "nixpkgs": "nixpkgs_2"
      },
      "locked": {
        "lastModified": 1659759527,
        "narHash": "sha256-4fKtudKLLUUN4vtu4xnPfWXD9wa0qUHLpA9iWIBwOpw=",
        "owner": "purenix-org",
        "repo": "purenix",
        "rev": "5587e599a39811d6d1645e7d2cfed559506e3637",
        "type": "github"
      },
      "original": {
        "owner": "purenix-org",
        "repo": "purenix",
        "type": "github"
      }
    },
    "purescript-registry": {
      "flake": false,
      "locked": {
        "lastModified": 1679603156,
        "narHash": "sha256-3OkRGCoAw/53Bsf1BFyzFGOrf9OXgIpvVYFaxBJgHms=",
        "owner": "purescript",
        "repo": "registry",
        "rev": "3c107daa7aa93129ed3abcf06f46e4c1da8e0dfd",
        "type": "github"
      },
      "original": {
        "owner": "purescript",
        "repo": "registry",
        "type": "github"
      }
    },
    "purescript-registry-index": {
      "flake": false,
      "locked": {
        "lastModified": 1679603159,
        "narHash": "sha256-ldwSgDaIrdn+0aEbGacCv7ZhisY1VBo9Y+zLvtuEzxY=",
        "owner": "purescript",
        "repo": "registry-index",
        "rev": "205aab977a9d3ec694ea4e528977799ed2ae95b0",
        "type": "github"
      },
      "original": {
        "owner": "purescript",
        "repo": "registry-index",
        "type": "github"
      }
    },
    "root": {
      "inputs": {
        "easy-purescript-nix": "easy-purescript-nix",
        "nixpkgs": "nixpkgs",
        "purenix": "purenix",
        "purescript-registry": "purescript-registry",
        "purescript-registry-index": "purescript-registry-index"
      }
    }
  },
  "root": "root",
  "version": 7
}
