{
  "nodes": {
    "easy-purescript-nix": {
      "flake": false,
      "locked": {
        "lastModified": 1671011575,
        "narHash": "sha256-tESal32bcqqdZO+aKnBzc1GoL2mtnaDtj2y7ociCRGA=",
        "owner": "justinwoo",
        "repo": "easy-purescript-nix",
        "rev": "11d3bd58ce6e32703bf69cec04dc7c38eabe14ba",
        "type": "github"
      },
      "original": {
        "owner": "justinwoo",
        "repo": "easy-purescript-nix",
        "type": "github"
      }
    },
    "flake-utils": {
      "locked": {
        "lastModified": 1653893745,
        "narHash": "sha256-0jntwV3Z8//YwuOjzhV2sgJJPt+HY6KhU7VZUL0fKZQ=",
        "owner": "numtide",
        "repo": "flake-utils",
        "rev": "1ed9fb1935d260de5fe1c2f7ee0ebaae17ed2fa1",
        "type": "github"
      },
      "original": {
        "owner": "numtide",
        "repo": "flake-utils",
        "type": "github"
      }
    },
    "nixpkgs": {
      "locked": {
        "lastModified": 1671995294,
        "narHash": "sha256-KDeHKinlHWSLZX1JEh3FFwHZ3RXx/Jak/QcUNC00BNo=",
        "owner": "NixOS",
        "repo": "nixpkgs",
        "rev": "83d9cef1044cbccc2237d94b018fb0a2e25e97c4",
        "type": "github"
      },
      "original": {
        "owner": "NixOS",
        "repo": "nixpkgs",
        "type": "github"
      }
    },
    "nixpkgs_2": {
      "locked": {
        "lastModified": 1658371388,
        "narHash": "sha256-ACjtJNUAqjAdR+o5EDcOGgK3aseB+IF1TSBNPVftdLg=",
        "owner": "NixOS",
        "repo": "nixpkgs",
        "rev": "af7d2aaa0d7fae44cdef463538833d536e3def1f",
        "type": "github"
      },
      "original": {
        "owner": "NixOS",
        "ref": "nixpkgs-unstable",
        "repo": "nixpkgs",
        "type": "github"
      }
    },
    "purenix": {
      "inputs": {
        "flake-utils": "flake-utils",
        "nixpkgs": "nixpkgs_2"
      },
      "locked": {
        "lastModified": 1659759527,
        "narHash": "sha256-4fKtudKLLUUN4vtu4xnPfWXD9wa0qUHLpA9iWIBwOpw=",
        "owner": "purenix-org",
        "repo": "purenix",
        "rev": "5587e599a39811d6d1645e7d2cfed559506e3637",
        "type": "github"
      },
      "original": {
        "owner": "purenix-org",
        "repo": "purenix",
        "type": "github"
      }
    },
    "purescript-registry": {
      "flake": false,
      "locked": {
        "lastModified": 1674733273,
        "narHash": "sha256-x06iBLv47dJa42wqKQKWKAKKGKL2zeRwq9uovvyCoDg=",
        "owner": "purescript",
        "repo": "registry",
        "rev": "27dbfa8bcdf148874656ace801af6ca448ae9a17",
        "type": "github"
      },
      "original": {
        "owner": "purescript",
        "repo": "registry",
        "type": "github"
      }
    },
    "purescript-registry-index": {
      "flake": false,
      "locked": {
        "lastModified": 1674733256,
        "narHash": "sha256-cqFFnJPWe6j750gdpurCzBurpfhykXuh/pn68zhPlJM=",
        "owner": "purescript",
        "repo": "registry-index",
        "rev": "16628987fa3d9b34e9e9a6d76a00f6fa1f57a9bd",
        "type": "github"
      },
      "original": {
        "owner": "purescript",
        "repo": "registry-index",
        "type": "github"
      }
    },
    "root": {
      "inputs": {
        "easy-purescript-nix": "easy-purescript-nix",
        "nixpkgs": "nixpkgs",
        "purenix": "purenix",
        "purescript-registry": "purescript-registry",
        "purescript-registry-index": "purescript-registry-index"
      }
    }
  },
  "root": "root",
  "version": 7
}
